
Microsoft Visual Studio Solution File, Format Version 12.00
# Visual Studio Version 17
VisualStudioVersion = 17.4.33213.308
MinimumVisualStudioVersion = 10.0.40219.1
Project("{FAE04EC0-301F-11D3-BF4B-00C04F79EFBC}") = "LimpezaDeJson", "QuanticoSolutions\LimpezaDeJson.csproj", "{38A0D2DA-32B6-4769-A4FE-5EADF0411CD4}"
EndProject
Project("{FAE04EC0-301F-11D3-BF4B-00C04F79EFBC}") = "BuracosDeBitmap", "BuracosDeBitmap\BuracosDeBitmap.csproj", "{6C4AFF9F-8E36-4018-9FA2-8D4CE1C378F9}"
EndProject
Project("{FAE04EC0-301F-11D3-BF4B-00C04F79EFBC}") = "MatrizSimetrica", "MatrizSimetrica\MatrizSimetrica.csproj", "{B5A7C551-C8C1-4A25-824D-4120EEA7F266}"
EndProject
Global
	GlobalSection(SolutionConfigurationPlatforms) = preSolution
		Debug|Any CPU = Debug|Any CPU
		Release|Any CPU = Release|Any CPU
	EndGlobalSection
	GlobalSection(ProjectConfigurationPlatforms) = postSolution
		{38A0D2DA-32B6-4769-A4FE-5EADF0411CD4}.Debug|Any CPU.ActiveCfg = Debug|Any CPU
		{38A0D2DA-32B6-4769-A4FE-5EADF0411CD4}.Debug|Any CPU.Build.0 = Debug|Any CPU
		{38A0D2DA-32B6-4769-A4FE-5EADF0411CD4}.Release|Any CPU.ActiveCfg = Release|Any CPU
		{38A0D2DA-32B6-4769-A4FE-5EADF0411CD4}.Release|Any CPU.Build.0 = Release|Any CPU
		{6C4AFF9F-8E36-4018-9FA2-8D4CE1C378F9}.Debug|Any CPU.ActiveCfg = Debug|Any CPU
		{6C4AFF9F-8E36-4018-9FA2-8D4CE1C378F9}.Debug|Any CPU.Build.0 = Debug|Any CPU
		{6C4AFF9F-8E36-4018-9FA2-8D4CE1C378F9}.Release|Any CPU.ActiveCfg = Release|Any CPU
		{6C4AFF9F-8E36-4018-9FA2-8D4CE1C378F9}.Release|Any CPU.Build.0 = Release|Any CPU
		{B5A7C551-C8C1-4A25-824D-4120EEA7F266}.Debug|Any CPU.ActiveCfg = Debug|Any CPU
		{B5A7C551-C8C1-4A25-824D-4120EEA7F266}.Debug|Any CPU.Build.0 = Debug|Any CPU
		{B5A7C551-C8C1-4A25-824D-4120EEA7F266}.Release|Any CPU.ActiveCfg = Release|Any CPU
		{B5A7C551-C8C1-4A25-824D-4120EEA7F266}.Release|Any CPU.Build.0 = Release|Any CPU
	EndGlobalSection
	GlobalSection(SolutionProperties) = preSolution
		HideSolutionNode = FALSE
	EndGlobalSection
	GlobalSection(ExtensibilityGlobals) = postSolution
		SolutionGuid = {EBCD2BB2-8913-451B-9C57-7735A4DDF7AD}
	EndGlobalSection
EndGlobal
